github.com/hugomods/bootstrap v0.21.2 h1:lu9LHkj7RLxkVp2bX//li2Z/OsG36TGHjlFZG4/p9Tw=
github.com/hugomods/bootstrap v0.21.2/go.mod h1:3U2SkU7l1+n8/wJZwB8/2phYhvRyFwCMix7pPNJ4U+I=
github.com/hugomods/icons v0.6.3 h1:2Ra6NU2GOeVvz8vowLq/OZCTzxqhq84MA0TICRBVxeY=
github.com/hugomods/icons v0.6.3/go.mod h1:cIkSvK6W0q6N4U6n9KGz+QfRWQXAW0INd+1P31gPNGg=
github.com/razonyang/hugo-theme-bootstrap v1.3.1 h1:M/xtutNGXTSf0lDyCtzGT5aPs/aA1tOxds8sIrMIC6o=
github.com/razonyang/hugo-theme-bootstrap v1.3.1/go.mod h1:o+IIPL/5wreiTojnN4MsQqKuxbv3fWAQnMhG9geltQo=
github.com/razonyang/hugo-theme-bootstrap v1.5.6 h1:jTqFOYAVpimWwbUywb0Hy83PMCYEoEVLvwEd6SsZKc0=
github.com/razonyang/hugo-theme-bootstrap v1.5.6/go.mod h1:o+IIPL/5wreiTojnN4MsQqKuxbv3fWAQnMhG9geltQo=
github.com/twbs/icons v1.11.3 h1:XhvrQ1XDom9ggBbQx3wQCFGEr8qAQwQP/dAcw8OXMtA=
github.com/twbs/icons v1.11.3/go.mod h1:GnRlymgVWp5iVJCMa0Me5b6tFyGpVc2bSxPMRGIJmyA=
